// !$*UTF8*$!
{
	archiveVersion = 1;
	classes = {
	};
	objectVersion = 48;
	objects = {

/* Begin PBXBuildFile section */
		7B1DE2DB1FC7847200289546 /* AlertService.swift in Sources */ = {isa = PBXBuildFile; fileRef = 7B1DE2DA1FC7847200289546 /* AlertService.swift */; };
		7B1DE2DE1FC786A900289546 /* Identifiers.swift in Sources */ = {isa = PBXBuildFile; fileRef = 7B1DE2DD1FC786A900289546 /* Identifiers.swift */; };
		7B22EAA91FC73518006E852F /* ShadowView.swift in Sources */ = {isa = PBXBuildFile; fileRef = 7B22EAA81FC73518006E852F /* ShadowView.swift */; };
		7B4EFF9B1FCCADC200B1E4D1 /* CoreLocationService.swift in Sources */ = {isa = PBXBuildFile; fileRef = 7B4EFF9A1FCCADC200B1E4D1 /* CoreLocationService.swift */; };
		7B5EE0AE1FC72C9A006C3C00 /* AppDelegate.swift in Sources */ = {isa = PBXBuildFile; fileRef = 7B5EE0AD1FC72C9A006C3C00 /* AppDelegate.swift */; };
		7B5EE0B01FC72C9A006C3C00 /* MainVC.swift in Sources */ = {isa = PBXBuildFile; fileRef = 7B5EE0AF1FC72C9A006C3C00 /* MainVC.swift */; };
		7B5EE0B31FC72C9A006C3C00 /* Main.storyboard in Resources */ = {isa = PBXBuildFile; fileRef = 7B5EE0B11FC72C9A006C3C00 /* Main.storyboard */; };
		7B5EE0B51FC72C9A006C3C00 /* Assets.xcassets in Resources */ = {isa = PBXBuildFile; fileRef = 7B5EE0B41FC72C9A006C3C00 /* Assets.xcassets */; };
		7B5EE0B81FC72C9A006C3C00 /* LaunchScreen.storyboard in Resources */ = {isa = PBXBuildFile; fileRef = 7B5EE0B61FC72C9A006C3C00 /* LaunchScreen.storyboard */; };
		7BA0A4D21FC73891000CDF69 /* LocationAlert.png in Resources */ = {isa = PBXBuildFile; fileRef = 7BA0A4D11FC73891000CDF69 /* LocationAlert.png */; };
		7BA0A4D41FC73898000CDF69 /* TimeAlert.png in Resources */ = {isa = PBXBuildFile; fileRef = 7BA0A4D31FC73898000CDF69 /* TimeAlert.png */; };
		7BA0A4D61FC738A3000CDF69 /* DateAlert.png in Resources */ = {isa = PBXBuildFile; fileRef = 7BA0A4D51FC738A3000CDF69 /* DateAlert.png */; };
		7BA0A4D81FC74762000CDF69 /* UNService.swift in Sources */ = {isa = PBXBuildFile; fileRef = 7BA0A4D71FC74762000CDF69 /* UNService.swift */; };
/* End PBXBuildFile section */

/* Begin PBXFileReference section */
		7B1DE2DA1FC7847200289546 /* AlertService.swift */ = {isa = PBXFileReference; lastKnownFileType = sourcecode.swift; path = AlertService.swift; sourceTree = "<group>"; };
		7B1DE2DD1FC786A900289546 /* Identifiers.swift */ = {isa = PBXFileReference; lastKnownFileType = sourcecode.swift; path = Identifiers.swift; sourceTree = "<group>"; };
		7B22EAA81FC73518006E852F /* ShadowView.swift */ = {isa = PBXFileReference; lastKnownFileType = sourcecode.swift; path = ShadowView.swift; sourceTree = "<group>"; };
		7B4EFF9A1FCCADC200B1E4D1 /* CoreLocationService.swift */ = {isa = PBXFileReference; lastKnownFileType = sourcecode.swift; path = CoreLocationService.swift; sourceTree = "<group>"; };
		7B5EE0AA1FC72C9A006C3C00 /* RemindMe.app */ = {isa = PBXFileReference; explicitFileType = wrapper.application; includeInIndex = 0; path = RemindMe.app; sourceTree = BUILT_PRODUCTS_DIR; };
		7B5EE0AD1FC72C9A006C3C00 /* AppDelegate.swift */ = {isa = PBXFileReference; lastKnownFileType = sourcecode.swift; path = AppDelegate.swift; sourceTree = "<group>"; };
		7B5EE0AF1FC72C9A006C3C00 /* MainVC.swift */ = {isa = PBXFileReference; lastKnownFileType = sourcecode.swift; path = MainVC.swift; sourceTree = "<group>"; };
		7B5EE0B21FC72C9A006C3C00 /* Base */ = {isa = PBXFileReference; lastKnownFileType = file.storyboard; name = Base; path = Base.lproj/Main.storyboard; sourceTree = "<group>"; };
		7B5EE0B41FC72C9A006C3C00 /* Assets.xcassets */ = {isa = PBXFileReference; lastKnownFileType = folder.assetcatalog; path = Assets.xcassets; sourceTree = "<group>"; };
		7B5EE0B71FC72C9A006C3C00 /* Base */ = {isa = PBXFileReference; lastKnownFileType = file.storyboard; name = Base; path = Base.lproj/LaunchScreen.storyboard; sourceTree = "<group>"; };
		7B5EE0B91FC72C9A006C3C00 /* Info.plist */ = {isa = PBXFileReference; lastKnownFileType = text.plist.xml; path = Info.plist; sourceTree = "<group>"; };
		7BA0A4D11FC73891000CDF69 /* LocationAlert.png */ = {isa = PBXFileReference; lastKnownFileType = image.png; path = LocationAlert.png; sourceTree = "<group>"; };
		7BA0A4D31FC73898000CDF69 /* TimeAlert.png */ = {isa = PBXFileReference; lastKnownFileType = image.png; path = TimeAlert.png; sourceTree = "<group>"; };
		7BA0A4D51FC738A3000CDF69 /* DateAlert.png */ = {isa = PBXFileReference; lastKnownFileType = image.png; path = DateAlert.png; sourceTree = "<group>"; };
		7BA0A4D71FC74762000CDF69 /* UNService.swift */ = {isa = PBXFileReference; lastKnownFileType = sourcecode.swift; path = UNService.swift; sourceTree = "<group>"; };
/* End PBXFileReference section */

/* Begin PBXFrameworksBuildPhase section */
		7B5EE0A71FC72C9A006C3C00 /* Frameworks */ = {
			isa = PBXFrameworksBuildPhase;
			buildActionMask = 2147483647;
			files = (
			);
			runOnlyForDeploymentPostprocessing = 0;
		};
/* End PBXFrameworksBuildPhase section */

/* Begin PBXGroup section */
		7B1DE2DC1FC7868800289546 /* Helper */ = {
			isa = PBXGroup;
			children = (
				7B1DE2DD1FC786A900289546 /* Identifiers.swift */,
			);
			path = Helper;
			sourceTree = "<group>";
		};
		7B22EAA41FC73457006E852F /* Controller */ = {
			isa = PBXGroup;
			children = (
				7B5EE0AD1FC72C9A006C3C00 /* AppDelegate.swift */,
				7B5EE0AF1FC72C9A006C3C00 /* MainVC.swift */,
			);
			path = Controller;
			sourceTree = "<group>";
		};
		7B22EAA51FC73462006E852F /* View */ = {
			isa = PBXGroup;
			children = (
				7BA0A4D01FC7387A000CDF69 /* NotificationAssets */,
				7B5EE0B41FC72C9A006C3C00 /* Assets.xcassets */,
				7B5EE0B11FC72C9A006C3C00 /* Main.storyboard */,
				7B5EE0B61FC72C9A006C3C00 /* LaunchScreen.storyboard */,
				7B22EAA81FC73518006E852F /* ShadowView.swift */,
			);
			path = View;
			sourceTree = "<group>";
		};
		7B22EAA61FC73466006E852F /* Model */ = {
			isa = PBXGroup;
			children = (
			);
			path = Model;
			sourceTree = "<group>";
		};
		7B22EAA71FC7346C006E852F /* Services */ = {
			isa = PBXGroup;
			children = (
				7BA0A4D71FC74762000CDF69 /* UNService.swift */,
				7B1DE2DA1FC7847200289546 /* AlertService.swift */,
				7B4EFF9A1FCCADC200B1E4D1 /* CoreLocationService.swift */,
			);
			path = Services;
			sourceTree = "<group>";
		};
		7B5EE0A11FC72C99006C3C00 = {
			isa = PBXGroup;
			children = (
				7B5EE0AC1FC72C9A006C3C00 /* RemindMe */,
				7B5EE0AB1FC72C9A006C3C00 /* Products */,
			);
			sourceTree = "<group>";
		};
		7B5EE0AB1FC72C9A006C3C00 /* Products */ = {
			isa = PBXGroup;
			children = (
				7B5EE0AA1FC72C9A006C3C00 /* RemindMe.app */,
			);
			name = Products;
			sourceTree = "<group>";
		};
		7B5EE0AC1FC72C9A006C3C00 /* RemindMe */ = {
			isa = PBXGroup;
			children = (
				7B1DE2DC1FC7868800289546 /* Helper */,
				7B22EAA71FC7346C006E852F /* Services */,
				7B22EAA61FC73466006E852F /* Model */,
				7B22EAA51FC73462006E852F /* View */,
				7B22EAA41FC73457006E852F /* Controller */,
				7B5EE0B91FC72C9A006C3C00 /* Info.plist */,
			);
			path = RemindMe;
			sourceTree = "<group>";
		};
		7BA0A4D01FC7387A000CDF69 /* NotificationAssets */ = {
			isa = PBXGroup;
			children = (
				7BA0A4D51FC738A3000CDF69 /* DateAlert.png */,
				7BA0A4D31FC73898000CDF69 /* TimeAlert.png */,
				7BA0A4D11FC73891000CDF69 /* LocationAlert.png */,
			);
			path = NotificationAssets;
			sourceTree = "<group>";
		};
/* End PBXGroup section */

/* Begin PBXNativeTarget section */
		7B5EE0A91FC72C9A006C3C00 /* RemindMe */ = {
			isa = PBXNativeTarget;
			buildConfigurationList = 7B5EE0BC1FC72C9A006C3C00 /* Build configuration list for PBXNativeTarget "RemindMe" */;
			buildPhases = (
				7B5EE0A61FC72C9A006C3C00 /* Sources */,
				7B5EE0A71FC72C9A006C3C00 /* Frameworks */,
				7B5EE0A81FC72C9A006C3C00 /* Resources */,
			);
			buildRules = (
			);
			dependencies = (
			);
			name = RemindMe;
			productName = RemindMe;
			productReference = 7B5EE0AA1FC72C9A006C3C00 /* RemindMe.app */;
			productType = "com.apple.product-type.application";
		};
/* End PBXNativeTarget section */

/* Begin PBXProject section */
		7B5EE0A21FC72C99006C3C00 /* Project object */ = {
			isa = PBXProject;
			attributes = {
				LastSwiftUpdateCheck = 0910;
				LastUpgradeCheck = 0910;
				ORGANIZATIONNAME = "Dan Lindsay";
				TargetAttributes = {
					7B5EE0A91FC72C9A006C3C00 = {
						CreatedOnToolsVersion = 9.1;
						ProvisioningStyle = Automatic;
					};
				};
			};
			buildConfigurationList = 7B5EE0A51FC72C99006C3C00 /* Build configuration list for PBXProject "RemindMe" */;
			compatibilityVersion = "Xcode 8.0";
			developmentRegion = en;
			hasScannedForEncodings = 0;
			knownRegions = (
				en,
				Base,
			);
			mainGroup = 7B5EE0A11FC72C99006C3C00;
			productRefGroup = 7B5EE0AB1FC72C9A006C3C00 /* Products */;
			projectDirPath = "";
			projectRoot = "";
			targets = (
				7B5EE0A91FC72C9A006C3C00 /* RemindMe */,
			);
		};
/* End PBXProject section */

/* Begin PBXResourcesBuildPhase section */
		7B5EE0A81FC72C9A006C3C00 /* Resources */ = {
			isa = PBXResourcesBuildPhase;
			buildActionMask = 2147483647;
			files = (
				7B5EE0B81FC72C9A006C3C00 /* LaunchScreen.storyboard in Resources */,
				7BA0A4D21FC73891000CDF69 /* LocationAlert.png in Resources */,
				7BA0A4D41FC73898000CDF69 /* TimeAlert.png in Resources */,
				7B5EE0B51FC72C9A006C3C00 /* Assets.xcassets in Resources */,
				7BA0A4D61FC738A3000CDF69 /* DateAlert.png in Resources */,
				7B5EE0B31FC72C9A006C3C00 /* Main.storyboard in Resources */,
			);
			runOnlyForDeploymentPostprocessing = 0;
		};
/* End PBXResourcesBuildPhase section */

/* Begin PBXSourcesBuildPhase section */
		7B5EE0A61FC72C9A006C3C00 /* Sources */ = {
			isa = PBXSourcesBuildPhase;
			buildActionMask = 2147483647;
			files = (
				7B22EAA91FC73518006E852F /* ShadowView.swift in Sources */,
				7B5EE0B01FC72C9A006C3C00 /* MainVC.swift in Sources */,
				7BA0A4D81FC74762000CDF69 /* UNService.swift in Sources */,
				7B4EFF9B1FCCADC200B1E4D1 /* CoreLocationService.swift in Sources */,
				7B5EE0AE1FC72C9A006C3C00 /* AppDelegate.swift in Sources */,
				7B1DE2DE1FC786A900289546 /* Identifiers.swift in Sources */,
				7B1DE2DB1FC7847200289546 /* AlertService.swift in Sources */,
			);
			runOnlyForDeploymentPostprocessing = 0;
		};
/* End PBXSourcesBuildPhase section */

/* Begin PBXVariantGroup section */
		7B5EE0B11FC72C9A006C3C00 /* Main.storyboard */ = {
			isa = PBXVariantGroup;
			children = (
				7B5EE0B21FC72C9A006C3C00 /* Base */,
			);
			name = Main.storyboard;
			sourceTree = "<group>";
		};
		7B5EE0B61FC72C9A006C3C00 /* LaunchScreen.storyboard */ = {
			isa = PBXVariantGroup;
			children = (
				7B5EE0B71FC72C9A006C3C00 /* Base */,
			);
			name = LaunchScreen.storyboard;
			sourceTree = "<group>";
		};
/* End PBXVariantGroup section */

/* Begin XCBuildConfiguration section */
		7B5EE0BA1FC72C9A006C3C00 /* Debug */ = {
			isa = XCBuildConfiguration;
			buildSettings = {
				ALWAYS_SEARCH_USER_PATHS = NO;
				CLANG_ANALYZER_NONNULL = YES;
				CLANG_ANALYZER_NUMBER_OBJECT_CONVERSION = YES_AGGRESSIVE;
				CLANG_CXX_LANGUAGE_STANDARD = "gnu++14";
				CLANG_CXX_LIBRARY = "libc++";
				CLANG_ENABLE_MODULES = YES;
				CLANG_ENABLE_OBJC_ARC = YES;
				CLANG_WARN_BLOCK_CAPTURE_AUTORELEASING = YES;
				CLANG_WARN_BOOL_CONVERSION = YES;
				CLANG_WARN_COMMA = YES;
				CLANG_WARN_CONSTANT_CONVERSION = YES;
				CLANG_WARN_DIRECT_OBJC_ISA_USAGE = YES_ERROR;
				CLANG_WARN_DOCUMENTATION_COMMENTS = YES;
				CLANG_WARN_EMPTY_BODY = YES;
				CLANG_WARN_ENUM_CONVERSION = YES;
				CLANG_WARN_INFINITE_RECURSION = YES;
				CLANG_WARN_INT_CONVERSION = YES;
				CLANG_WARN_NON_LITERAL_NULL_CONVERSION = YES;
				CLANG_WARN_OBJC_LITERAL_CONVERSION = YES;
				CLANG_WARN_OBJC_ROOT_CLASS = YES_ERROR;
				CLANG_WARN_RANGE_LOOP_ANALYSIS = YES;
				CLANG_WARN_STRICT_PROTOTYPES = YES;
				CLANG_WARN_SUSPICIOUS_MOVE = YES;
				CLANG_WARN_UNGUARDED_AVAILABILITY = YES_AGGRESSIVE;
				CLANG_WARN_UNREACHABLE_CODE = YES;
				CLANG_WARN__DUPLICATE_METHOD_MATCH = YES;
				CODE_SIGN_IDENTITY = "iPhone Developer";
				COPY_PHASE_STRIP = NO;
				DEBUG_INFORMATION_FORMAT = dwarf;
				ENABLE_STRICT_OBJC_MSGSEND = YES;
				ENABLE_TESTABILITY = YES;
				GCC_C_LANGUAGE_STANDARD = gnu11;
				GCC_DYNAMIC_NO_PIC = NO;
				GCC_NO_COMMON_BLOCKS = YES;
				GCC_OPTIMIZATION_LEVEL = 0;
				GCC_PREPROCESSOR_DEFINITIONS = (
					"DEBUG=1",
					"$(inherited)",
				);
				GCC_WARN_64_TO_32_BIT_CONVERSION = YES;
				GCC_WARN_ABOUT_RETURN_TYPE = YES_ERROR;
				GCC_WARN_UNDECLARED_SELECTOR = YES;
				GCC_WARN_UNINITIALIZED_AUTOS = YES_AGGRESSIVE;
				GCC_WARN_UNUSED_FUNCTION = YES;
				GCC_WARN_UNUSED_VARIABLE = YES;
				IPHONEOS_DEPLOYMENT_TARGET = 11.1;
				MTL_ENABLE_DEBUG_INFO = YES;
				ONLY_ACTIVE_ARCH = YES;
				SDKROOT = iphoneos;
				SWIFT_ACTIVE_COMPILATION_CONDITIONS = DEBUG;
				SWIFT_OPTIMIZATION_LEVEL = "-Onone";
			};
			name = Debug;
		};
		7B5EE0BB1FC72C9A006C3C00 /* Release */ = {
			isa = XCBuildConfiguration;
			buildSettings = {
				ALWAYS_SEARCH_USER_PATHS = NO;
				CLANG_ANALYZER_NONNULL = YES;
				CLANG_ANALYZER_NUMBER_OBJECT_CONVERSION = YES_AGGRESSIVE;
				CLANG_CXX_LANGUAGE_STANDARD = "gnu++14";
				CLANG_CXX_LIBRARY = "libc++";
				CLANG_ENABLE_MODULES = YES;
				CLANG_ENABLE_OBJC_ARC = YES;
				CLANG_WARN_BLOCK_CAPTURE_AUTORELEASING = YES;
				CLANG_WARN_BOOL_CONVERSION = YES;
				CLANG_WARN_COMMA = YES;
				CLANG_WARN_CONSTANT_CONVERSION = YES;
				CLANG_WARN_DIRECT_OBJC_ISA_USAGE = YES_ERROR;
				CLANG_WARN_DOCUMENTATION_COMMENTS = YES;
				CLANG_WARN_EMPTY_BODY = YES;
				CLANG_WARN_ENUM_CONVERSION = YES;
				CLANG_WARN_INFINITE_RECURSION = YES;
				CLANG_WARN_INT_CONVERSION = YES;
				CLANG_WARN_NON_LITERAL_NULL_CONVERSION = YES;
				CLANG_WARN_OBJC_LITERAL_CONVERSION = YES;
				CLANG_WARN_OBJC_ROOT_CLASS = YES_ERROR;
				CLANG_WARN_RANGE_LOOP_ANALYSIS = YES;
				CLANG_WARN_STRICT_PROTOTYPES = YES;
				CLANG_WARN_SUSPICIOUS_MOVE = YES;
				CLANG_WARN_UNGUARDED_AVAILABILITY = YES_AGGRESSIVE;
				CLANG_WARN_UNREACHABLE_CODE = YES;
				CLANG_WARN__DUPLICATE_METHOD_MATCH = YES;
				CODE_SIGN_IDENTITY = "iPhone Developer";
				COPY_PHASE_STRIP = NO;
				DEBUG_INFORMATION_FORMAT = "dwarf-with-dsym";
				ENABLE_NS_ASSERTIONS = NO;
				ENABLE_STRICT_OBJC_MSGSEND = YES;
				GCC_C_LANGUAGE_STANDARD = gnu11;
				GCC_NO_COMMON_BLOCKS = YES;
				GCC_WARN_64_TO_32_BIT_CONVERSION = YES;
				GCC_WARN_ABOUT_RETURN_TYPE = YES_ERROR;
				GCC_WARN_UNDECLARED_SELECTOR = YES;
				GCC_WARN_UNINITIALIZED_AUTOS = YES_AGGRESSIVE;
				GCC_WARN_UNUSED_FUNCTION = YES;
				GCC_WARN_UNUSED_VARIABLE = YES;
				IPHONEOS_DEPLOYMENT_TARGET = 11.1;
				MTL_ENABLE_DEBUG_INFO = NO;
				SDKROOT = iphoneos;
				SWIFT_OPTIMIZATION_LEVEL = "-Owholemodule";
				VALIDATE_PRODUCT = YES;
			};
			name = Release;
		};
		7B5EE0BD1FC72C9A006C3C00 /* Debug */ = {
			isa = XCBuildConfiguration;
			buildSettings = {
				ASSETCATALOG_COMPILER_APPICON_NAME = AppIcon;
				CODE_SIGN_STYLE = Automatic;
				DEVELOPMENT_TEAM = 999T2QHS45;
				INFOPLIST_FILE = RemindMe/Info.plist;
				LD_RUNPATH_SEARCH_PATHS = "$(inherited) @executable_path/Frameworks";
				PRODUCT_BUNDLE_IDENTIFIER = com.dreamerongo.RemindMe;
				PRODUCT_NAME = "$(TARGET_NAME)";
				SWIFT_VERSION = 4.0;
				TARGETED_DEVICE_FAMILY = "1,2";
			};
			name = Debug;
		};
		7B5EE0BE1FC72C9A006C3C00 /* Release */ = {
			isa = XCBuildConfiguration;
			buildSettings = {
				ASSETCATALOG_COMPILER_APPICON_NAME = AppIcon;
				CODE_SIGN_STYLE = Automatic;
				DEVELOPMENT_TEAM = 999T2QHS45;
				INFOPLIST_FILE = RemindMe/Info.plist;
				LD_RUNPATH_SEARCH_PATHS = "$(inherited) @executable_path/Frameworks";
				PRODUCT_BUNDLE_IDENTIFIER = com.dreamerongo.RemindMe;
				PRODUCT_NAME = "$(TARGET_NAME)";
				SWIFT_VERSION = 4.0;
				TARGETED_DEVICE_FAMILY = "1,2";
			};
			name = Release;
		};
/* End XCBuildConfiguration section */

/* Begin XCConfigurationList section */
		7B5EE0A51FC72C99006C3C00 /* Build configuration list for PBXProject "RemindMe" */ = {
			isa = XCConfigurationList;
			buildConfigurations = (
				7B5EE0BA1FC72C9A006C3C00 /* Debug */,
				7B5EE0BB1FC72C9A006C3C00 /* Release */,
			);
			defaultConfigurationIsVisible = 0;
			defaultConfigurationName = Release;
		};
		7B5EE0BC1FC72C9A006C3C00 /* Build configuration list for PBXNativeTarget "RemindMe" */ = {
			isa = XCConfigurationList;
			buildConfigurations = (
				7B5EE0BD1FC72C9A006C3C00 /* Debug */,
				7B5EE0BE1FC72C9A006C3C00 /* Release */,
			);
			defaultConfigurationIsVisible = 0;
			defaultConfigurationName = Release;
		};
/* End XCConfigurationList section */
	};
	rootObject = 7B5EE0A21FC72C99006C3C00 /* Project object */;
}
